
Microsoft Visual Studio Solution File, Format Version 12.00
# Visual Studio Version 16
VisualStudioVersion = 16.0.31702.278
MinimumVisualStudioVersion = 10.0.40219.1
Project("{FAE04EC0-301F-11D3-BF4B-00C04F79EFBC}") = "OOP-Project", "OOP-Project\OOP-Project.csproj", "{C5B145DD-DF14-4C98-98AA-8BA106488B72}"
EndProject
Project("{FAE04EC0-301F-11D3-BF4B-00C04F79EFBC}") = "BIZ", "BIZ\BIZ.csproj", "{855EEA8D-9901-487F-953A-6FDF0B92AF13}"
EndProject
Project("{FAE04EC0-301F-11D3-BF4B-00C04F79EFBC}") = "DAL", "DAL\DAL.csproj", "{C570B202-DC18-4387-9754-0999EE51E583}"
EndProject
Global
	GlobalSection(SolutionConfigurationPlatforms) = preSolution
		Debug|Any CPU = Debug|Any CPU
		Release|Any CPU = Release|Any CPU
	EndGlobalSection
	GlobalSection(ProjectConfigurationPlatforms) = postSolution
		{C5B145DD-DF14-4C98-98AA-8BA106488B72}.Debug|Any CPU.ActiveCfg = Debug|Any CPU
		{C5B145DD-DF14-4C98-98AA-8BA106488B72}.Debug|Any CPU.Build.0 = Debug|Any CPU
		{C5B145DD-DF14-4C98-98AA-8BA106488B72}.Release|Any CPU.ActiveCfg = Release|Any CPU
		{C5B145DD-DF14-4C98-98AA-8BA106488B72}.Release|Any CPU.Build.0 = Release|Any CPU
		{855EEA8D-9901-487F-953A-6FDF0B92AF13}.Debug|Any CPU.ActiveCfg = Debug|Any CPU
		{855EEA8D-9901-487F-953A-6FDF0B92AF13}.Debug|Any CPU.Build.0 = Debug|Any CPU
		{855EEA8D-9901-487F-953A-6FDF0B92AF13}.Release|Any CPU.ActiveCfg = Release|Any CPU
		{855EEA8D-9901-487F-953A-6FDF0B92AF13}.Release|Any CPU.Build.0 = Release|Any CPU
		{C570B202-DC18-4387-9754-0999EE51E583}.Debug|Any CPU.ActiveCfg = Debug|Any CPU
		{C570B202-DC18-4387-9754-0999EE51E583}.Debug|Any CPU.Build.0 = Debug|Any CPU
		{C570B202-DC18-4387-9754-0999EE51E583}.Release|Any CPU.ActiveCfg = Release|Any CPU
		{C570B202-DC18-4387-9754-0999EE51E583}.Release|Any CPU.Build.0 = Release|Any CPU
	EndGlobalSection
	GlobalSection(SolutionProperties) = preSolution
		HideSolutionNode = FALSE
	EndGlobalSection
	GlobalSection(ExtensibilityGlobals) = postSolution
		SolutionGuid = {46200AF3-5134-44D5-9EC0-F4A0F1C9FC1F}
	EndGlobalSection
EndGlobal
